
Microsoft Visual Studio Solution File, Format Version 12.00
# Visual Studio Version 17
VisualStudioVersion = 17.2.32519.379
MinimumVisualStudioVersion = 10.0.40219.1
Project("{9A19103F-16F7-4668-BE54-9A1E7A4F7556}") = "Builder", "Builder\Builder.csproj", "{A3793AC4-A5F6-4079-BEDE-C94D6DCB2926}"
EndProject
Project("{9A19103F-16F7-4668-BE54-9A1E7A4F7556}") = "FluentBuilder", "FluentBuilder\FluentBuilder.csproj", "{20E0B308-ECE8-4B33-B280-2B245D200B22}"
EndProject
Project("{9A19103F-16F7-4668-BE54-9A1E7A4F7556}") = "ChildBuilder", "ChildBuilder\ChildBuilder.csproj", "{4C853060-81B5-4DB2-9FED-5E78072D1D8B}"
EndProject
Project("{9A19103F-16F7-4668-BE54-9A1E7A4F7556}") = "ProgressiveBuilder", "IterativeBuilder\ProgressiveBuilder.csproj", "{BEEA10A2-8C07-40D9-B3A7-FA727D307E19}"
EndProject
Project("{9A19103F-16F7-4668-BE54-9A1E7A4F7556}") = "Decorator", "Decorator\Decorator.csproj", "{E272C7F7-4E45-4C4F-90B6-725BF777756A}"
EndProject
Project("{9A19103F-16F7-4668-BE54-9A1E7A4F7556}") = "Composite", "Composite\Composite.csproj", "{2682CF12-C264-40C1-B0CB-21EB8460C101}"
EndProject
Project("{9A19103F-16F7-4668-BE54-9A1E7A4F7556}") = "Singleton", "Singleton\Singleton.csproj", "{7A41ADD4-D637-4624-BB9F-74F11B0F8DAA}"
EndProject
Project("{9A19103F-16F7-4668-BE54-9A1E7A4F7556}") = "FactoryMethod", "FactoryMethod\FactoryMethod.csproj", "{BC21174E-15BA-4DA6-B4B7-8A3248F618F0}"
EndProject
Project("{9A19103F-16F7-4668-BE54-9A1E7A4F7556}") = "Mediator", "Mediator\Mediator.csproj", "{12D8F229-5902-4497-B43B-92EBFB267ED3}"
EndProject
Project("{9A19103F-16F7-4668-BE54-9A1E7A4F7556}") = "MediatRExample", "MediatRExample\MediatRExample.csproj", "{A7521828-CEDC-46B2-B3C8-105091CC035E}"
EndProject
Project("{9A19103F-16F7-4668-BE54-9A1E7A4F7556}") = "Observer", "Observer\Observer.csproj", "{A411E453-3D9C-4905-B5C3-271A246098CB}"
EndProject
Project("{9A19103F-16F7-4668-BE54-9A1E7A4F7556}") = "Visitor", "Visitor\Visitor.csproj", "{521439CA-E21D-4134-811F-59820C4AFF31}"
EndProject
Project("{9A19103F-16F7-4668-BE54-9A1E7A4F7556}") = "VisitorDoubleDispatch", "VisitorDoubleDispatch\VisitorDoubleDispatch.csproj", "{4E2307B3-A43C-4648-A6BC-0F0992B9B7B4}"
EndProject
Project("{9A19103F-16F7-4668-BE54-9A1E7A4F7556}") = "Adapter", "Adapter\Adapter.csproj", "{FF97250B-7739-4B19-82C8-1A67E383BDC3}"
EndProject
Project("{9A19103F-16F7-4668-BE54-9A1E7A4F7556}") = "State", "State\State.csproj", "{1A8B1EE3-B5CF-4D34-B9AD-F838452D8A08}"
EndProject
Project("{9A19103F-16F7-4668-BE54-9A1E7A4F7556}") = "AbstractFactory", "AbstractFactory\AbstractFactory.csproj", "{577A22F6-8F77-4CC1-B4AD-8A51B53C8CD5}"
EndProject
Project("{9A19103F-16F7-4668-BE54-9A1E7A4F7556}") = "Iterator", "Iterator\Iterator.csproj", "{FF82A9E6-96C0-4E50-B9B8-63175EC39E6A}"
EndProject
Project("{9A19103F-16F7-4668-BE54-9A1E7A4F7556}") = "Bridge", "Bridge\Bridge.csproj", "{A44A8108-2B4C-42A3-BC2B-718369A93803}"
EndProject
Project("{9A19103F-16F7-4668-BE54-9A1E7A4F7556}") = "Memento", "Memento\Memento.csproj", "{3D83D684-277F-481E-A845-2A080E58CD04}"
EndProject
Project("{FAE04EC0-301F-11D3-BF4B-00C04F79EFBC}") = "Strategy", "Strategy\Strategy.csproj", "{9832C1A7-644F-4280-A3DC-DA6DC3986C7C}"
EndProject
Project("{FAE04EC0-301F-11D3-BF4B-00C04F79EFBC}") = "Prototype", "Prototype\Prototype.csproj", "{F470B377-22F1-4781-B782-7902CA9BC988}"
EndProject
Project("{FAE04EC0-301F-11D3-BF4B-00C04F79EFBC}") = "PrototypeRegistry", "PrototypeRegistry\PrototypeRegistry.csproj", "{43A4EFF6-76C4-4799-838C-EE476055282D}"
EndProject
Global
	GlobalSection(SolutionConfigurationPlatforms) = preSolution
		Debug|Any CPU = Debug|Any CPU
		Release|Any CPU = Release|Any CPU
	EndGlobalSection
	GlobalSection(ProjectConfigurationPlatforms) = postSolution
		{A3793AC4-A5F6-4079-BEDE-C94D6DCB2926}.Debug|Any CPU.ActiveCfg = Debug|Any CPU
		{A3793AC4-A5F6-4079-BEDE-C94D6DCB2926}.Debug|Any CPU.Build.0 = Debug|Any CPU
		{A3793AC4-A5F6-4079-BEDE-C94D6DCB2926}.Release|Any CPU.ActiveCfg = Release|Any CPU
		{A3793AC4-A5F6-4079-BEDE-C94D6DCB2926}.Release|Any CPU.Build.0 = Release|Any CPU
		{20E0B308-ECE8-4B33-B280-2B245D200B22}.Debug|Any CPU.ActiveCfg = Debug|Any CPU
		{20E0B308-ECE8-4B33-B280-2B245D200B22}.Debug|Any CPU.Build.0 = Debug|Any CPU
		{20E0B308-ECE8-4B33-B280-2B245D200B22}.Release|Any CPU.ActiveCfg = Release|Any CPU
		{20E0B308-ECE8-4B33-B280-2B245D200B22}.Release|Any CPU.Build.0 = Release|Any CPU
		{4C853060-81B5-4DB2-9FED-5E78072D1D8B}.Debug|Any CPU.ActiveCfg = Debug|Any CPU
		{4C853060-81B5-4DB2-9FED-5E78072D1D8B}.Debug|Any CPU.Build.0 = Debug|Any CPU
		{4C853060-81B5-4DB2-9FED-5E78072D1D8B}.Release|Any CPU.ActiveCfg = Release|Any CPU
		{4C853060-81B5-4DB2-9FED-5E78072D1D8B}.Release|Any CPU.Build.0 = Release|Any CPU
		{BEEA10A2-8C07-40D9-B3A7-FA727D307E19}.Debug|Any CPU.ActiveCfg = Debug|Any CPU
		{BEEA10A2-8C07-40D9-B3A7-FA727D307E19}.Debug|Any CPU.Build.0 = Debug|Any CPU
		{BEEA10A2-8C07-40D9-B3A7-FA727D307E19}.Release|Any CPU.ActiveCfg = Release|Any CPU
		{BEEA10A2-8C07-40D9-B3A7-FA727D307E19}.Release|Any CPU.Build.0 = Release|Any CPU
		{E272C7F7-4E45-4C4F-90B6-725BF777756A}.Debug|Any CPU.ActiveCfg = Debug|Any CPU
		{E272C7F7-4E45-4C4F-90B6-725BF777756A}.Debug|Any CPU.Build.0 = Debug|Any CPU
		{E272C7F7-4E45-4C4F-90B6-725BF777756A}.Release|Any CPU.ActiveCfg = Release|Any CPU
		{E272C7F7-4E45-4C4F-90B6-725BF777756A}.Release|Any CPU.Build.0 = Release|Any CPU
		{2682CF12-C264-40C1-B0CB-21EB8460C101}.Debug|Any CPU.ActiveCfg = Debug|Any CPU
		{2682CF12-C264-40C1-B0CB-21EB8460C101}.Debug|Any CPU.Build.0 = Debug|Any CPU
		{2682CF12-C264-40C1-B0CB-21EB8460C101}.Release|Any CPU.ActiveCfg = Release|Any CPU
		{2682CF12-C264-40C1-B0CB-21EB8460C101}.Release|Any CPU.Build.0 = Release|Any CPU
		{7A41ADD4-D637-4624-BB9F-74F11B0F8DAA}.Debug|Any CPU.ActiveCfg = Debug|Any CPU
		{7A41ADD4-D637-4624-BB9F-74F11B0F8DAA}.Debug|Any CPU.Build.0 = Debug|Any CPU
		{7A41ADD4-D637-4624-BB9F-74F11B0F8DAA}.Release|Any CPU.ActiveCfg = Release|Any CPU
		{7A41ADD4-D637-4624-BB9F-74F11B0F8DAA}.Release|Any CPU.Build.0 = Release|Any CPU
		{BC21174E-15BA-4DA6-B4B7-8A3248F618F0}.Debug|Any CPU.ActiveCfg = Debug|Any CPU
		{BC21174E-15BA-4DA6-B4B7-8A3248F618F0}.Debug|Any CPU.Build.0 = Debug|Any CPU
		{BC21174E-15BA-4DA6-B4B7-8A3248F618F0}.Release|Any CPU.ActiveCfg = Release|Any CPU
		{BC21174E-15BA-4DA6-B4B7-8A3248F618F0}.Release|Any CPU.Build.0 = Release|Any CPU
		{12D8F229-5902-4497-B43B-92EBFB267ED3}.Debug|Any CPU.ActiveCfg = Debug|Any CPU
		{12D8F229-5902-4497-B43B-92EBFB267ED3}.Debug|Any CPU.Build.0 = Debug|Any CPU
		{12D8F229-5902-4497-B43B-92EBFB267ED3}.Release|Any CPU.ActiveCfg = Release|Any CPU
		{12D8F229-5902-4497-B43B-92EBFB267ED3}.Release|Any CPU.Build.0 = Release|Any CPU
		{A7521828-CEDC-46B2-B3C8-105091CC035E}.Debug|Any CPU.ActiveCfg = Debug|Any CPU
		{A7521828-CEDC-46B2-B3C8-105091CC035E}.Debug|Any CPU.Build.0 = Debug|Any CPU
		{A7521828-CEDC-46B2-B3C8-105091CC035E}.Release|Any CPU.ActiveCfg = Release|Any CPU
		{A7521828-CEDC-46B2-B3C8-105091CC035E}.Release|Any CPU.Build.0 = Release|Any CPU
		{A411E453-3D9C-4905-B5C3-271A246098CB}.Debug|Any CPU.ActiveCfg = Debug|Any CPU
		{A411E453-3D9C-4905-B5C3-271A246098CB}.Debug|Any CPU.Build.0 = Debug|Any CPU
		{A411E453-3D9C-4905-B5C3-271A246098CB}.Release|Any CPU.ActiveCfg = Release|Any CPU
		{A411E453-3D9C-4905-B5C3-271A246098CB}.Release|Any CPU.Build.0 = Release|Any CPU
		{521439CA-E21D-4134-811F-59820C4AFF31}.Debug|Any CPU.ActiveCfg = Debug|Any CPU
		{521439CA-E21D-4134-811F-59820C4AFF31}.Debug|Any CPU.Build.0 = Debug|Any CPU
		{521439CA-E21D-4134-811F-59820C4AFF31}.Release|Any CPU.ActiveCfg = Release|Any CPU
		{521439CA-E21D-4134-811F-59820C4AFF31}.Release|Any CPU.Build.0 = Release|Any CPU
		{4E2307B3-A43C-4648-A6BC-0F0992B9B7B4}.Debug|Any CPU.ActiveCfg = Debug|Any CPU
		{4E2307B3-A43C-4648-A6BC-0F0992B9B7B4}.Debug|Any CPU.Build.0 = Debug|Any CPU
		{4E2307B3-A43C-4648-A6BC-0F0992B9B7B4}.Release|Any CPU.ActiveCfg = Release|Any CPU
		{4E2307B3-A43C-4648-A6BC-0F0992B9B7B4}.Release|Any CPU.Build.0 = Release|Any CPU
		{FF97250B-7739-4B19-82C8-1A67E383BDC3}.Debug|Any CPU.ActiveCfg = Debug|Any CPU
		{FF97250B-7739-4B19-82C8-1A67E383BDC3}.Debug|Any CPU.Build.0 = Debug|Any CPU
		{FF97250B-7739-4B19-82C8-1A67E383BDC3}.Release|Any CPU.ActiveCfg = Release|Any CPU
		{FF97250B-7739-4B19-82C8-1A67E383BDC3}.Release|Any CPU.Build.0 = Release|Any CPU
		{1A8B1EE3-B5CF-4D34-B9AD-F838452D8A08}.Debug|Any CPU.ActiveCfg = Debug|Any CPU
		{1A8B1EE3-B5CF-4D34-B9AD-F838452D8A08}.Debug|Any CPU.Build.0 = Debug|Any CPU
		{1A8B1EE3-B5CF-4D34-B9AD-F838452D8A08}.Release|Any CPU.ActiveCfg = Release|Any CPU
		{1A8B1EE3-B5CF-4D34-B9AD-F838452D8A08}.Release|Any CPU.Build.0 = Release|Any CPU
		{577A22F6-8F77-4CC1-B4AD-8A51B53C8CD5}.Debug|Any CPU.ActiveCfg = Debug|Any CPU
		{577A22F6-8F77-4CC1-B4AD-8A51B53C8CD5}.Debug|Any CPU.Build.0 = Debug|Any CPU
		{577A22F6-8F77-4CC1-B4AD-8A51B53C8CD5}.Release|Any CPU.ActiveCfg = Release|Any CPU
		{577A22F6-8F77-4CC1-B4AD-8A51B53C8CD5}.Release|Any CPU.Build.0 = Release|Any CPU
		{FF82A9E6-96C0-4E50-B9B8-63175EC39E6A}.Debug|Any CPU.ActiveCfg = Debug|Any CPU
		{FF82A9E6-96C0-4E50-B9B8-63175EC39E6A}.Debug|Any CPU.Build.0 = Debug|Any CPU
		{FF82A9E6-96C0-4E50-B9B8-63175EC39E6A}.Release|Any CPU.ActiveCfg = Release|Any CPU
		{FF82A9E6-96C0-4E50-B9B8-63175EC39E6A}.Release|Any CPU.Build.0 = Release|Any CPU
		{A44A8108-2B4C-42A3-BC2B-718369A93803}.Debug|Any CPU.ActiveCfg = Debug|Any CPU
		{A44A8108-2B4C-42A3-BC2B-718369A93803}.Debug|Any CPU.Build.0 = Debug|Any CPU
		{A44A8108-2B4C-42A3-BC2B-718369A93803}.Release|Any CPU.ActiveCfg = Release|Any CPU
		{A44A8108-2B4C-42A3-BC2B-718369A93803}.Release|Any CPU.Build.0 = Release|Any CPU
		{3D83D684-277F-481E-A845-2A080E58CD04}.Debug|Any CPU.ActiveCfg = Debug|Any CPU
		{3D83D684-277F-481E-A845-2A080E58CD04}.Debug|Any CPU.Build.0 = Debug|Any CPU
		{3D83D684-277F-481E-A845-2A080E58CD04}.Release|Any CPU.ActiveCfg = Release|Any CPU
		{3D83D684-277F-481E-A845-2A080E58CD04}.Release|Any CPU.Build.0 = Release|Any CPU
		{9832C1A7-644F-4280-A3DC-DA6DC3986C7C}.Debug|Any CPU.ActiveCfg = Debug|Any CPU
		{9832C1A7-644F-4280-A3DC-DA6DC3986C7C}.Debug|Any CPU.Build.0 = Debug|Any CPU
		{9832C1A7-644F-4280-A3DC-DA6DC3986C7C}.Release|Any CPU.ActiveCfg = Release|Any CPU
		{9832C1A7-644F-4280-A3DC-DA6DC3986C7C}.Release|Any CPU.Build.0 = Release|Any CPU
		{F470B377-22F1-4781-B782-7902CA9BC988}.Debug|Any CPU.ActiveCfg = Debug|Any CPU
		{F470B377-22F1-4781-B782-7902CA9BC988}.Debug|Any CPU.Build.0 = Debug|Any CPU
		{F470B377-22F1-4781-B782-7902CA9BC988}.Release|Any CPU.ActiveCfg = Release|Any CPU
		{F470B377-22F1-4781-B782-7902CA9BC988}.Release|Any CPU.Build.0 = Release|Any CPU
		{43A4EFF6-76C4-4799-838C-EE476055282D}.Debug|Any CPU.ActiveCfg = Debug|Any CPU
		{43A4EFF6-76C4-4799-838C-EE476055282D}.Debug|Any CPU.Build.0 = Debug|Any CPU
		{43A4EFF6-76C4-4799-838C-EE476055282D}.Release|Any CPU.ActiveCfg = Release|Any CPU
		{43A4EFF6-76C4-4799-838C-EE476055282D}.Release|Any CPU.Build.0 = Release|Any CPU
	EndGlobalSection
	GlobalSection(SolutionProperties) = preSolution
		HideSolutionNode = FALSE
	EndGlobalSection
	GlobalSection(ExtensibilityGlobals) = postSolution
		SolutionGuid = {C889F610-CD1A-44E1-A570-3FAC5A81FB32}
	EndGlobalSection
EndGlobal
