
Microsoft Visual Studio Solution File, Format Version 12.00
# Visual Studio Version 17
VisualStudioVersion = 17.2.32519.379
MinimumVisualStudioVersion = 10.0.40219.1
Project("{9A19103F-16F7-4668-BE54-9A1E7A4F7556}") = "Builder", "Builder\Builder.csproj", "{A3793AC4-A5F6-4079-BEDE-C94D6DCB2926}"
EndProject
Project("{9A19103F-16F7-4668-BE54-9A1E7A4F7556}") = "FluentBuilder", "FluentBuilder\FluentBuilder.csproj", "{20E0B308-ECE8-4B33-B280-2B245D200B22}"
EndProject
Project("{9A19103F-16F7-4668-BE54-9A1E7A4F7556}") = "ChildBuilder", "ChildBuilder\ChildBuilder.csproj", "{4C853060-81B5-4DB2-9FED-5E78072D1D8B}"
EndProject
Project("{9A19103F-16F7-4668-BE54-9A1E7A4F7556}") = "ProgressiveBuilder", "IterativeBuilder\ProgressiveBuilder.csproj", "{BEEA10A2-8C07-40D9-B3A7-FA727D307E19}"
EndProject
Project("{9A19103F-16F7-4668-BE54-9A1E7A4F7556}") = "Decorator", "Decorator\Decorator.csproj", "{E272C7F7-4E45-4C4F-90B6-725BF777756A}"
EndProject
Project("{9A19103F-16F7-4668-BE54-9A1E7A4F7556}") = "Composite", "Composite\Composite.csproj", "{2682CF12-C264-40C1-B0CB-21EB8460C101}"
EndProject
Project("{9A19103F-16F7-4668-BE54-9A1E7A4F7556}") = "Singleton", "Singleton\Singleton.csproj", "{7A41ADD4-D637-4624-BB9F-74F11B0F8DAA}"
EndProject
Project("{9A19103F-16F7-4668-BE54-9A1E7A4F7556}") = "FactoryMethod", "FactoryMethod\FactoryMethod.csproj", "{BC21174E-15BA-4DA6-B4B7-8A3248F618F0}"
EndProject
Project("{FAE04EC0-301F-11D3-BF4B-00C04F79EFBC}") = "Mediator", "Mediator\Mediator.csproj", "{12D8F229-5902-4497-B43B-92EBFB267ED3}"
EndProject
Project("{FAE04EC0-301F-11D3-BF4B-00C04F79EFBC}") = "MediatRExample", "MediatRExample\MediatRExample.csproj", "{A7521828-CEDC-46B2-B3C8-105091CC035E}"
EndProject
Global
	GlobalSection(SolutionConfigurationPlatforms) = preSolution
		Debug|Any CPU = Debug|Any CPU
		Release|Any CPU = Release|Any CPU
	EndGlobalSection
	GlobalSection(ProjectConfigurationPlatforms) = postSolution
		{A3793AC4-A5F6-4079-BEDE-C94D6DCB2926}.Debug|Any CPU.ActiveCfg = Debug|Any CPU
		{A3793AC4-A5F6-4079-BEDE-C94D6DCB2926}.Debug|Any CPU.Build.0 = Debug|Any CPU
		{A3793AC4-A5F6-4079-BEDE-C94D6DCB2926}.Release|Any CPU.ActiveCfg = Release|Any CPU
		{A3793AC4-A5F6-4079-BEDE-C94D6DCB2926}.Release|Any CPU.Build.0 = Release|Any CPU
		{20E0B308-ECE8-4B33-B280-2B245D200B22}.Debug|Any CPU.ActiveCfg = Debug|Any CPU
		{20E0B308-ECE8-4B33-B280-2B245D200B22}.Debug|Any CPU.Build.0 = Debug|Any CPU
		{20E0B308-ECE8-4B33-B280-2B245D200B22}.Release|Any CPU.ActiveCfg = Release|Any CPU
		{20E0B308-ECE8-4B33-B280-2B245D200B22}.Release|Any CPU.Build.0 = Release|Any CPU
		{4C853060-81B5-4DB2-9FED-5E78072D1D8B}.Debug|Any CPU.ActiveCfg = Debug|Any CPU
		{4C853060-81B5-4DB2-9FED-5E78072D1D8B}.Debug|Any CPU.Build.0 = Debug|Any CPU
		{4C853060-81B5-4DB2-9FED-5E78072D1D8B}.Release|Any CPU.ActiveCfg = Release|Any CPU
		{4C853060-81B5-4DB2-9FED-5E78072D1D8B}.Release|Any CPU.Build.0 = Release|Any CPU
		{BEEA10A2-8C07-40D9-B3A7-FA727D307E19}.Debug|Any CPU.ActiveCfg = Debug|Any CPU
		{BEEA10A2-8C07-40D9-B3A7-FA727D307E19}.Debug|Any CPU.Build.0 = Debug|Any CPU
		{BEEA10A2-8C07-40D9-B3A7-FA727D307E19}.Release|Any CPU.ActiveCfg = Release|Any CPU
		{BEEA10A2-8C07-40D9-B3A7-FA727D307E19}.Release|Any CPU.Build.0 = Release|Any CPU
		{E272C7F7-4E45-4C4F-90B6-725BF777756A}.Debug|Any CPU.ActiveCfg = Debug|Any CPU
		{E272C7F7-4E45-4C4F-90B6-725BF777756A}.Debug|Any CPU.Build.0 = Debug|Any CPU
		{E272C7F7-4E45-4C4F-90B6-725BF777756A}.Release|Any CPU.ActiveCfg = Release|Any CPU
		{E272C7F7-4E45-4C4F-90B6-725BF777756A}.Release|Any CPU.Build.0 = Release|Any CPU
		{2682CF12-C264-40C1-B0CB-21EB8460C101}.Debug|Any CPU.ActiveCfg = Debug|Any CPU
		{2682CF12-C264-40C1-B0CB-21EB8460C101}.Debug|Any CPU.Build.0 = Debug|Any CPU
		{2682CF12-C264-40C1-B0CB-21EB8460C101}.Release|Any CPU.ActiveCfg = Release|Any CPU
		{2682CF12-C264-40C1-B0CB-21EB8460C101}.Release|Any CPU.Build.0 = Release|Any CPU
		{7A41ADD4-D637-4624-BB9F-74F11B0F8DAA}.Debug|Any CPU.ActiveCfg = Debug|Any CPU
		{7A41ADD4-D637-4624-BB9F-74F11B0F8DAA}.Debug|Any CPU.Build.0 = Debug|Any CPU
		{7A41ADD4-D637-4624-BB9F-74F11B0F8DAA}.Release|Any CPU.ActiveCfg = Release|Any CPU
		{7A41ADD4-D637-4624-BB9F-74F11B0F8DAA}.Release|Any CPU.Build.0 = Release|Any CPU
		{BC21174E-15BA-4DA6-B4B7-8A3248F618F0}.Debug|Any CPU.ActiveCfg = Debug|Any CPU
		{BC21174E-15BA-4DA6-B4B7-8A3248F618F0}.Debug|Any CPU.Build.0 = Debug|Any CPU
		{BC21174E-15BA-4DA6-B4B7-8A3248F618F0}.Release|Any CPU.ActiveCfg = Release|Any CPU
		{BC21174E-15BA-4DA6-B4B7-8A3248F618F0}.Release|Any CPU.Build.0 = Release|Any CPU
		{12D8F229-5902-4497-B43B-92EBFB267ED3}.Debug|Any CPU.ActiveCfg = Debug|Any CPU
		{12D8F229-5902-4497-B43B-92EBFB267ED3}.Debug|Any CPU.Build.0 = Debug|Any CPU
		{12D8F229-5902-4497-B43B-92EBFB267ED3}.Release|Any CPU.ActiveCfg = Release|Any CPU
		{12D8F229-5902-4497-B43B-92EBFB267ED3}.Release|Any CPU.Build.0 = Release|Any CPU
		{A7521828-CEDC-46B2-B3C8-105091CC035E}.Debug|Any CPU.ActiveCfg = Debug|Any CPU
		{A7521828-CEDC-46B2-B3C8-105091CC035E}.Debug|Any CPU.Build.0 = Debug|Any CPU
		{A7521828-CEDC-46B2-B3C8-105091CC035E}.Release|Any CPU.ActiveCfg = Release|Any CPU
		{A7521828-CEDC-46B2-B3C8-105091CC035E}.Release|Any CPU.Build.0 = Release|Any CPU
	EndGlobalSection
	GlobalSection(SolutionProperties) = preSolution
		HideSolutionNode = FALSE
	EndGlobalSection
	GlobalSection(ExtensibilityGlobals) = postSolution
		SolutionGuid = {C889F610-CD1A-44E1-A570-3FAC5A81FB32}
	EndGlobalSection
EndGlobal
